# This file is autogenerated, do not edit; changes may be undone by the next 'dep ensure'.


[[projects]]
  name = "github.com/golang/protobuf"
  packages = ["proto"]
  revision = "aa810b61a9c79d51363740d207bb46cf8e620ed5"
  version = "v1.2.0"

[[projects]]
  name = "github.com/google/go-querystring"
  packages = ["query"]
  revision = "44c6ddd0a2342c386950e880b658017258da92fc"
  version = "v1.0.0"

[[projects]]
  branch = "master"
  name = "github.com/grokify/html-strip-tags-go"
  packages = ["."]
  revision = "e9e44961e26f513866063f54bf85070db95600f7"

[[projects]]
  name = "github.com/xanzy/go-gitlab"
  packages = ["."]
  revision = "0e1a0aad2f7404e9ad14018b02315af5c2f12ffb"
  version = "v0.11.1"

[[projects]]
  branch = "master"
  name = "golang.org/x/oauth2"
  packages = [
    ".",
    "internal"
  ]
  revision = "d2e6202438beef2727060aa7cabdd924d92ebfd9"

[[projects]]
  name = "google.golang.org/appengine"
  packages = [
    "internal",
    "internal/base",
    "internal/datastore",
    "internal/log",
    "internal/remote_api",
    "internal/urlfetch",
    "urlfetch"
  ]
  revision = "ae0ab99deb4dc413a2b4bd6c8bdd0eb67f1e4d06"
  version = "v1.2.0"

[[projects]]
  name = "gopkg.in/go-playground/webhooks.v3"
  packages = [
    ".",
    "gitlab"
  ]
  revision = "8ffb2ffc32b7af2c7e940944eccba4dcd66c692a"
  version = "v3.13.0"

[solve-meta]
  analyzer-name = "dep"
  analyzer-version = 1
  inputs-digest = "53a44a7355fcf57eb72c80256ec8c2d1ff78cc7b97740628e5f3311ded307df1"
  solver-name = "gps-cdcl"
  solver-version = 1
